
Microsoft Visual Studio Solution File, Format Version 12.00
# Visual Studio 2013
VisualStudioVersion = 12.0.31101.0
MinimumVisualStudioVersion = 10.0.40219.1
Project("{FAE04EC0-301F-11D3-BF4B-00C04F79EFBC}") = "StbSharp", "StbSharp\StbSharp.csproj", "{5A331DAD-B629-41E7-9131-70E538CF0B42}"
EndProject
Project("{FAE04EC0-301F-11D3-BF4B-00C04F79EFBC}") = "Sichem", "Sichem\Sichem\Sichem.csproj", "{71352218-91C4-490E-A650-AB17C48D0300}"
EndProject
Project("{FAE04EC0-301F-11D3-BF4B-00C04F79EFBC}") = "StbSharp.Generator", "StbSharp.Generator\StbSharp.Generator.csproj", "{2F372A46-2B31-49ED-BEAA-B7D6E72CD983}"
EndProject
Project("{FAE04EC0-301F-11D3-BF4B-00C04F79EFBC}") = "Sichem.Framework", "Sichem\Sichem.Framework\Sichem.Framework.csproj", "{9866E116-5E74-4B3F-A9F3-06F794A7D25A}"
EndProject
Project("{FAE04EC0-301F-11D3-BF4B-00C04F79EFBC}") = "StbSharp.WinForms.Test", "StbSharp.WinForms.Test\StbSharp.WinForms.Test.csproj", "{87A1E8BA-4F87-4BE7-84DD-BECD47E9944B}"
EndProject
Project("{FAE04EC0-301F-11D3-BF4B-00C04F79EFBC}") = "ConsoleApplication1", "ConsoleApplication1\ConsoleApplication1.csproj", "{CCD79AB2-5359-4EE4-9C9A-846C220E0C08}"
EndProject
Global
	GlobalSection(SolutionConfigurationPlatforms) = preSolution
		Debug|Any CPU = Debug|Any CPU
		Debug|Mixed Platforms = Debug|Mixed Platforms
		Debug|Win32 = Debug|Win32
		Release|Any CPU = Release|Any CPU
		Release|Mixed Platforms = Release|Mixed Platforms
		Release|Win32 = Release|Win32
	EndGlobalSection
	GlobalSection(ProjectConfigurationPlatforms) = postSolution
		{5A331DAD-B629-41E7-9131-70E538CF0B42}.Debug|Any CPU.ActiveCfg = Debug|Any CPU
		{5A331DAD-B629-41E7-9131-70E538CF0B42}.Debug|Any CPU.Build.0 = Debug|Any CPU
		{5A331DAD-B629-41E7-9131-70E538CF0B42}.Debug|Mixed Platforms.ActiveCfg = Debug|Any CPU
		{5A331DAD-B629-41E7-9131-70E538CF0B42}.Debug|Mixed Platforms.Build.0 = Debug|Any CPU
		{5A331DAD-B629-41E7-9131-70E538CF0B42}.Debug|Win32.ActiveCfg = Debug|Any CPU
		{5A331DAD-B629-41E7-9131-70E538CF0B42}.Release|Any CPU.ActiveCfg = Release|Any CPU
		{5A331DAD-B629-41E7-9131-70E538CF0B42}.Release|Any CPU.Build.0 = Release|Any CPU
		{5A331DAD-B629-41E7-9131-70E538CF0B42}.Release|Mixed Platforms.ActiveCfg = Release|Any CPU
		{5A331DAD-B629-41E7-9131-70E538CF0B42}.Release|Mixed Platforms.Build.0 = Release|Any CPU
		{5A331DAD-B629-41E7-9131-70E538CF0B42}.Release|Win32.ActiveCfg = Release|Any CPU
		{71352218-91C4-490E-A650-AB17C48D0300}.Debug|Any CPU.ActiveCfg = Debug|Any CPU
		{71352218-91C4-490E-A650-AB17C48D0300}.Debug|Any CPU.Build.0 = Debug|Any CPU
		{71352218-91C4-490E-A650-AB17C48D0300}.Debug|Mixed Platforms.ActiveCfg = Debug|Any CPU
		{71352218-91C4-490E-A650-AB17C48D0300}.Debug|Mixed Platforms.Build.0 = Debug|Any CPU
		{71352218-91C4-490E-A650-AB17C48D0300}.Debug|Win32.ActiveCfg = Debug|Any CPU
		{71352218-91C4-490E-A650-AB17C48D0300}.Release|Any CPU.ActiveCfg = Release|Any CPU
		{71352218-91C4-490E-A650-AB17C48D0300}.Release|Any CPU.Build.0 = Release|Any CPU
		{71352218-91C4-490E-A650-AB17C48D0300}.Release|Mixed Platforms.ActiveCfg = Release|Any CPU
		{71352218-91C4-490E-A650-AB17C48D0300}.Release|Mixed Platforms.Build.0 = Release|Any CPU
		{71352218-91C4-490E-A650-AB17C48D0300}.Release|Win32.ActiveCfg = Release|Any CPU
		{2F372A46-2B31-49ED-BEAA-B7D6E72CD983}.Debug|Any CPU.ActiveCfg = Debug|Any CPU
		{2F372A46-2B31-49ED-BEAA-B7D6E72CD983}.Debug|Any CPU.Build.0 = Debug|Any CPU
		{2F372A46-2B31-49ED-BEAA-B7D6E72CD983}.Debug|Mixed Platforms.ActiveCfg = Debug|Any CPU
		{2F372A46-2B31-49ED-BEAA-B7D6E72CD983}.Debug|Mixed Platforms.Build.0 = Debug|Any CPU
		{2F372A46-2B31-49ED-BEAA-B7D6E72CD983}.Debug|Win32.ActiveCfg = Debug|Any CPU
		{2F372A46-2B31-49ED-BEAA-B7D6E72CD983}.Release|Any CPU.ActiveCfg = Release|Any CPU
		{2F372A46-2B31-49ED-BEAA-B7D6E72CD983}.Release|Any CPU.Build.0 = Release|Any CPU
		{2F372A46-2B31-49ED-BEAA-B7D6E72CD983}.Release|Mixed Platforms.ActiveCfg = Release|Any CPU
		{2F372A46-2B31-49ED-BEAA-B7D6E72CD983}.Release|Mixed Platforms.Build.0 = Release|Any CPU
		{2F372A46-2B31-49ED-BEAA-B7D6E72CD983}.Release|Win32.ActiveCfg = Release|Any CPU
		{9866E116-5E74-4B3F-A9F3-06F794A7D25A}.Debug|Any CPU.ActiveCfg = Debug|Any CPU
		{9866E116-5E74-4B3F-A9F3-06F794A7D25A}.Debug|Any CPU.Build.0 = Debug|Any CPU
		{9866E116-5E74-4B3F-A9F3-06F794A7D25A}.Debug|Mixed Platforms.ActiveCfg = Debug|Any CPU
		{9866E116-5E74-4B3F-A9F3-06F794A7D25A}.Debug|Mixed Platforms.Build.0 = Debug|Any CPU
		{9866E116-5E74-4B3F-A9F3-06F794A7D25A}.Debug|Win32.ActiveCfg = Debug|Any CPU
		{9866E116-5E74-4B3F-A9F3-06F794A7D25A}.Release|Any CPU.ActiveCfg = Release|Any CPU
		{9866E116-5E74-4B3F-A9F3-06F794A7D25A}.Release|Any CPU.Build.0 = Release|Any CPU
		{9866E116-5E74-4B3F-A9F3-06F794A7D25A}.Release|Mixed Platforms.ActiveCfg = Release|Any CPU
		{9866E116-5E74-4B3F-A9F3-06F794A7D25A}.Release|Mixed Platforms.Build.0 = Release|Any CPU
		{9866E116-5E74-4B3F-A9F3-06F794A7D25A}.Release|Win32.ActiveCfg = Release|Any CPU
		{87A1E8BA-4F87-4BE7-84DD-BECD47E9944B}.Debug|Any CPU.ActiveCfg = Debug|Any CPU
		{87A1E8BA-4F87-4BE7-84DD-BECD47E9944B}.Debug|Any CPU.Build.0 = Debug|Any CPU
		{87A1E8BA-4F87-4BE7-84DD-BECD47E9944B}.Debug|Mixed Platforms.ActiveCfg = Debug|Any CPU
		{87A1E8BA-4F87-4BE7-84DD-BECD47E9944B}.Debug|Mixed Platforms.Build.0 = Debug|Any CPU
		{87A1E8BA-4F87-4BE7-84DD-BECD47E9944B}.Debug|Win32.ActiveCfg = Debug|Any CPU
		{87A1E8BA-4F87-4BE7-84DD-BECD47E9944B}.Release|Any CPU.ActiveCfg = Release|Any CPU
		{87A1E8BA-4F87-4BE7-84DD-BECD47E9944B}.Release|Any CPU.Build.0 = Release|Any CPU
		{87A1E8BA-4F87-4BE7-84DD-BECD47E9944B}.Release|Mixed Platforms.ActiveCfg = Release|Any CPU
		{87A1E8BA-4F87-4BE7-84DD-BECD47E9944B}.Release|Mixed Platforms.Build.0 = Release|Any CPU
		{87A1E8BA-4F87-4BE7-84DD-BECD47E9944B}.Release|Win32.ActiveCfg = Release|Any CPU
		{CCD79AB2-5359-4EE4-9C9A-846C220E0C08}.Debug|Any CPU.ActiveCfg = Debug|Any CPU
		{CCD79AB2-5359-4EE4-9C9A-846C220E0C08}.Debug|Any CPU.Build.0 = Debug|Any CPU
		{CCD79AB2-5359-4EE4-9C9A-846C220E0C08}.Debug|Mixed Platforms.ActiveCfg = Debug|Any CPU
		{CCD79AB2-5359-4EE4-9C9A-846C220E0C08}.Debug|Mixed Platforms.Build.0 = Debug|Any CPU
		{CCD79AB2-5359-4EE4-9C9A-846C220E0C08}.Debug|Win32.ActiveCfg = Debug|Any CPU
		{CCD79AB2-5359-4EE4-9C9A-846C220E0C08}.Release|Any CPU.ActiveCfg = Release|Any CPU
		{CCD79AB2-5359-4EE4-9C9A-846C220E0C08}.Release|Any CPU.Build.0 = Release|Any CPU
		{CCD79AB2-5359-4EE4-9C9A-846C220E0C08}.Release|Mixed Platforms.ActiveCfg = Release|Any CPU
		{CCD79AB2-5359-4EE4-9C9A-846C220E0C08}.Release|Mixed Platforms.Build.0 = Release|Any CPU
		{CCD79AB2-5359-4EE4-9C9A-846C220E0C08}.Release|Win32.ActiveCfg = Release|Any CPU
	EndGlobalSection
	GlobalSection(SolutionProperties) = preSolution
		HideSolutionNode = FALSE
	EndGlobalSection
EndGlobal
