
Microsoft Visual Studio Solution File, Format Version 12.00
# Visual Studio 2013
VisualStudioVersion = 12.0.40629.0
MinimumVisualStudioVersion = 10.0.40219.1
Project("{FAE04EC0-301F-11D3-BF4B-00C04F79EFBC}") = "StbSharp", "StbSharp\StbSharp.csproj", "{5A331DAD-B629-41E7-9131-70E538CF0B42}"
EndProject
Project("{FAE04EC0-301F-11D3-BF4B-00C04F79EFBC}") = "Sichem", "Sichem\Sichem\Sichem.csproj", "{71352218-91C4-490E-A650-AB17C48D0300}"
EndProject
Project("{FAE04EC0-301F-11D3-BF4B-00C04F79EFBC}") = "StbSharp.Generator", "StbSharp.Generator\StbSharp.Generator.csproj", "{2F372A46-2B31-49ED-BEAA-B7D6E72CD983}"
EndProject
Project("{FAE04EC0-301F-11D3-BF4B-00C04F79EFBC}") = "Sichem.Framework", "Sichem\Sichem.Framework\Sichem.Framework.csproj", "{9866E116-5E74-4B3F-A9F3-06F794A7D25A}"
EndProject
Project("{FAE04EC0-301F-11D3-BF4B-00C04F79EFBC}") = "StbSharp.WinForms.Test", "StbSharp.WinForms.Test\StbSharp.WinForms.Test.csproj", "{87A1E8BA-4F87-4BE7-84DD-BECD47E9944B}"
EndProject
Project("{FAE04EC0-301F-11D3-BF4B-00C04F79EFBC}") = "StbSharp.MonoGame.WindowsDX.Test", "StbSharp.MonoGame.WindowsDX.Test\StbSharp.MonoGame.WindowsDX.Test.csproj", "{5528B473-7EEA-43EF-8DE2-6338C5F157D2}"
EndProject
Project("{8BC9CEB8-8B4A-11D0-8D11-00A0C91BC942}") = "Stb.Native", "Stb.Native\Stb.Native.vcxproj", "{EA7B8121-942A-437D-85D5-E4D55B94E88A}"
EndProject
Project("{FAE04EC0-301F-11D3-BF4B-00C04F79EFBC}") = "StbSharp.Tests", "StbSharp.Tests\StbSharp.Tests.csproj", "{3E2A8A80-CE3E-4ADE-81FF-518CE804383C}"
EndProject
Global
	GlobalSection(SolutionConfigurationPlatforms) = preSolution
		Debug|Any CPU = Debug|Any CPU
		Debug|Mixed Platforms = Debug|Mixed Platforms
		Release|Any CPU = Release|Any CPU
		Release|Mixed Platforms = Release|Mixed Platforms
	EndGlobalSection
	GlobalSection(ProjectConfigurationPlatforms) = postSolution
		{5A331DAD-B629-41E7-9131-70E538CF0B42}.Debug|Any CPU.ActiveCfg = Debug|Any CPU
		{5A331DAD-B629-41E7-9131-70E538CF0B42}.Debug|Any CPU.Build.0 = Debug|Any CPU
		{5A331DAD-B629-41E7-9131-70E538CF0B42}.Debug|Mixed Platforms.ActiveCfg = Debug|Any CPU
		{5A331DAD-B629-41E7-9131-70E538CF0B42}.Debug|Mixed Platforms.Build.0 = Debug|Any CPU
		{5A331DAD-B629-41E7-9131-70E538CF0B42}.Release|Any CPU.ActiveCfg = Release|Any CPU
		{5A331DAD-B629-41E7-9131-70E538CF0B42}.Release|Any CPU.Build.0 = Release|Any CPU
		{5A331DAD-B629-41E7-9131-70E538CF0B42}.Release|Mixed Platforms.ActiveCfg = Release|Any CPU
		{5A331DAD-B629-41E7-9131-70E538CF0B42}.Release|Mixed Platforms.Build.0 = Release|Any CPU
		{71352218-91C4-490E-A650-AB17C48D0300}.Debug|Any CPU.ActiveCfg = Debug|Any CPU
		{71352218-91C4-490E-A650-AB17C48D0300}.Debug|Any CPU.Build.0 = Debug|Any CPU
		{71352218-91C4-490E-A650-AB17C48D0300}.Debug|Mixed Platforms.ActiveCfg = Debug|Any CPU
		{71352218-91C4-490E-A650-AB17C48D0300}.Debug|Mixed Platforms.Build.0 = Debug|Any CPU
		{71352218-91C4-490E-A650-AB17C48D0300}.Release|Any CPU.ActiveCfg = Release|Any CPU
		{71352218-91C4-490E-A650-AB17C48D0300}.Release|Any CPU.Build.0 = Release|Any CPU
		{71352218-91C4-490E-A650-AB17C48D0300}.Release|Mixed Platforms.ActiveCfg = Release|Any CPU
		{71352218-91C4-490E-A650-AB17C48D0300}.Release|Mixed Platforms.Build.0 = Release|Any CPU
		{2F372A46-2B31-49ED-BEAA-B7D6E72CD983}.Debug|Any CPU.ActiveCfg = Debug|Any CPU
		{2F372A46-2B31-49ED-BEAA-B7D6E72CD983}.Debug|Any CPU.Build.0 = Debug|Any CPU
		{2F372A46-2B31-49ED-BEAA-B7D6E72CD983}.Debug|Mixed Platforms.ActiveCfg = Debug|Any CPU
		{2F372A46-2B31-49ED-BEAA-B7D6E72CD983}.Debug|Mixed Platforms.Build.0 = Debug|Any CPU
		{2F372A46-2B31-49ED-BEAA-B7D6E72CD983}.Release|Any CPU.ActiveCfg = Release|Any CPU
		{2F372A46-2B31-49ED-BEAA-B7D6E72CD983}.Release|Any CPU.Build.0 = Release|Any CPU
		{2F372A46-2B31-49ED-BEAA-B7D6E72CD983}.Release|Mixed Platforms.ActiveCfg = Release|Any CPU
		{2F372A46-2B31-49ED-BEAA-B7D6E72CD983}.Release|Mixed Platforms.Build.0 = Release|Any CPU
		{9866E116-5E74-4B3F-A9F3-06F794A7D25A}.Debug|Any CPU.ActiveCfg = Debug|Any CPU
		{9866E116-5E74-4B3F-A9F3-06F794A7D25A}.Debug|Any CPU.Build.0 = Debug|Any CPU
		{9866E116-5E74-4B3F-A9F3-06F794A7D25A}.Debug|Mixed Platforms.ActiveCfg = Debug|Any CPU
		{9866E116-5E74-4B3F-A9F3-06F794A7D25A}.Debug|Mixed Platforms.Build.0 = Debug|Any CPU
		{9866E116-5E74-4B3F-A9F3-06F794A7D25A}.Release|Any CPU.ActiveCfg = Release|Any CPU
		{9866E116-5E74-4B3F-A9F3-06F794A7D25A}.Release|Any CPU.Build.0 = Release|Any CPU
		{9866E116-5E74-4B3F-A9F3-06F794A7D25A}.Release|Mixed Platforms.ActiveCfg = Release|Any CPU
		{9866E116-5E74-4B3F-A9F3-06F794A7D25A}.Release|Mixed Platforms.Build.0 = Release|Any CPU
		{87A1E8BA-4F87-4BE7-84DD-BECD47E9944B}.Debug|Any CPU.ActiveCfg = Debug|Any CPU
		{87A1E8BA-4F87-4BE7-84DD-BECD47E9944B}.Debug|Any CPU.Build.0 = Debug|Any CPU
		{87A1E8BA-4F87-4BE7-84DD-BECD47E9944B}.Debug|Mixed Platforms.ActiveCfg = Debug|Any CPU
		{87A1E8BA-4F87-4BE7-84DD-BECD47E9944B}.Debug|Mixed Platforms.Build.0 = Debug|Any CPU
		{87A1E8BA-4F87-4BE7-84DD-BECD47E9944B}.Release|Any CPU.ActiveCfg = Release|Any CPU
		{87A1E8BA-4F87-4BE7-84DD-BECD47E9944B}.Release|Any CPU.Build.0 = Release|Any CPU
		{87A1E8BA-4F87-4BE7-84DD-BECD47E9944B}.Release|Mixed Platforms.ActiveCfg = Release|Any CPU
		{87A1E8BA-4F87-4BE7-84DD-BECD47E9944B}.Release|Mixed Platforms.Build.0 = Release|Any CPU
		{5528B473-7EEA-43EF-8DE2-6338C5F157D2}.Debug|Any CPU.ActiveCfg = Debug|Any CPU
		{5528B473-7EEA-43EF-8DE2-6338C5F157D2}.Debug|Any CPU.Build.0 = Debug|Any CPU
		{5528B473-7EEA-43EF-8DE2-6338C5F157D2}.Debug|Mixed Platforms.ActiveCfg = Debug|Any CPU
		{5528B473-7EEA-43EF-8DE2-6338C5F157D2}.Debug|Mixed Platforms.Build.0 = Debug|Any CPU
		{5528B473-7EEA-43EF-8DE2-6338C5F157D2}.Release|Any CPU.ActiveCfg = Release|Any CPU
		{5528B473-7EEA-43EF-8DE2-6338C5F157D2}.Release|Any CPU.Build.0 = Release|Any CPU
		{5528B473-7EEA-43EF-8DE2-6338C5F157D2}.Release|Mixed Platforms.ActiveCfg = Release|Any CPU
		{5528B473-7EEA-43EF-8DE2-6338C5F157D2}.Release|Mixed Platforms.Build.0 = Release|Any CPU
		{EA7B8121-942A-437D-85D5-E4D55B94E88A}.Debug|Any CPU.ActiveCfg = Debug|Win32
		{EA7B8121-942A-437D-85D5-E4D55B94E88A}.Debug|Any CPU.Build.0 = Debug|Win32
		{EA7B8121-942A-437D-85D5-E4D55B94E88A}.Debug|Mixed Platforms.ActiveCfg = Debug|Win32
		{EA7B8121-942A-437D-85D5-E4D55B94E88A}.Debug|Mixed Platforms.Build.0 = Debug|Win32
		{EA7B8121-942A-437D-85D5-E4D55B94E88A}.Release|Any CPU.ActiveCfg = Release|Win32
		{EA7B8121-942A-437D-85D5-E4D55B94E88A}.Release|Any CPU.Build.0 = Release|Win32
		{EA7B8121-942A-437D-85D5-E4D55B94E88A}.Release|Mixed Platforms.ActiveCfg = Release|Win32
		{EA7B8121-942A-437D-85D5-E4D55B94E88A}.Release|Mixed Platforms.Build.0 = Release|Win32
		{3E2A8A80-CE3E-4ADE-81FF-518CE804383C}.Debug|Any CPU.ActiveCfg = Debug|Any CPU
		{3E2A8A80-CE3E-4ADE-81FF-518CE804383C}.Debug|Any CPU.Build.0 = Debug|Any CPU
		{3E2A8A80-CE3E-4ADE-81FF-518CE804383C}.Debug|Mixed Platforms.ActiveCfg = Debug|Any CPU
		{3E2A8A80-CE3E-4ADE-81FF-518CE804383C}.Debug|Mixed Platforms.Build.0 = Debug|Any CPU
		{3E2A8A80-CE3E-4ADE-81FF-518CE804383C}.Release|Any CPU.ActiveCfg = Release|Any CPU
		{3E2A8A80-CE3E-4ADE-81FF-518CE804383C}.Release|Any CPU.Build.0 = Release|Any CPU
		{3E2A8A80-CE3E-4ADE-81FF-518CE804383C}.Release|Mixed Platforms.ActiveCfg = Release|Any CPU
		{3E2A8A80-CE3E-4ADE-81FF-518CE804383C}.Release|Mixed Platforms.Build.0 = Release|Any CPU
	EndGlobalSection
	GlobalSection(SolutionProperties) = preSolution
		HideSolutionNode = FALSE
	EndGlobalSection
	GlobalSection(Performance) = preSolution
		HasPerformanceSessions = true
	EndGlobalSection
EndGlobal
